
Microsoft Visual Studio Solution File, Format Version 12.00
Project("{2150E333-8FDC-42A3-9474-1A3956D46DE8}") = "src", "src", "{FF89D05C-D68E-4BFB-B2E2-33FF4BA7F8F3}"
EndProject
Project("{FAE04EC0-301F-11D3-BF4B-00C04F79EFBC}") = "Main.WebApi", "Main.WebApi\Main.WebApi.csproj", "{9FF96C38-E7AA-4F06-B954-5C7E2479B10D}"
EndProject
Project("{FAE04EC0-301F-11D3-BF4B-00C04F79EFBC}") = "Main.Application", "Main.Application\Main.Application.csproj", "{8FC9227E-86C7-4650-9340-6799DC4D4946}"
EndProject
Project("{2150E333-8FDC-42A3-9474-1A3956D46DE8}") = "Infrastructure", "Infrastructure", "{68EBDC0E-582E-45A0-BA27-9B163A7BB185}"
EndProject
Project("{FAE04EC0-301F-11D3-BF4B-00C04F79EFBC}") = "Main.DAL.Minio", "Main.DAL.Minio\Main.DAL.Minio.csproj", "{3ECB7507-C235-4DFE-BFF9-FFD2C85CE549}"
EndProject
Project("{FAE04EC0-301F-11D3-BF4B-00C04F79EFBC}") = "Main.Domain", "Main.Domain\Main.Domain.csproj", "{50662FC9-254A-43E5-BD42-31A53301F70B}"
EndProject
Project("{FAE04EC0-301F-11D3-BF4B-00C04F79EFBC}") = "Main.DAL.Database", "Main.DAL.Database\Main.DAL.Database.csproj", "{F7C5F4D9-2FEC-4225-BE43-3CF916EFBEF5}"
EndProject
Project("{2150E333-8FDC-42A3-9474-1A3956D46DE8}") = "Solution Items", "Solution Items", "{EB7387E3-CD4F-421D-8C10-82ED4D06C9D6}"
	ProjectSection(SolutionItems) = preProject
		compose.yaml = compose.yaml
		README.md = README.md
	EndProjectSection
EndProject
Project("{2150E333-8FDC-42A3-9474-1A3956D46DE8}") = "Tests", "Tests", "{DABF6F42-F829-4B8F-B205-5F82E95DB345}"
EndProject
Project("{FAE04EC0-301F-11D3-BF4B-00C04F79EFBC}") = "Domain.Tests", "Domain.Tests\Domain.Tests.csproj", "{B568884B-8BFB-4CAB-8FB9-B19377578A71}"
EndProject
Global
	GlobalSection(SolutionConfigurationPlatforms) = preSolution
		Debug|Any CPU = Debug|Any CPU
		Release|Any CPU = Release|Any CPU
	EndGlobalSection
	GlobalSection(NestedProjects) = preSolution
		{9FF96C38-E7AA-4F06-B954-5C7E2479B10D} = {FF89D05C-D68E-4BFB-B2E2-33FF4BA7F8F3}
		{8FC9227E-86C7-4650-9340-6799DC4D4946} = {FF89D05C-D68E-4BFB-B2E2-33FF4BA7F8F3}
		{68EBDC0E-582E-45A0-BA27-9B163A7BB185} = {FF89D05C-D68E-4BFB-B2E2-33FF4BA7F8F3}
		{3ECB7507-C235-4DFE-BFF9-FFD2C85CE549} = {68EBDC0E-582E-45A0-BA27-9B163A7BB185}
		{50662FC9-254A-43E5-BD42-31A53301F70B} = {FF89D05C-D68E-4BFB-B2E2-33FF4BA7F8F3}
		{F7C5F4D9-2FEC-4225-BE43-3CF916EFBEF5} = {68EBDC0E-582E-45A0-BA27-9B163A7BB185}
		{B568884B-8BFB-4CAB-8FB9-B19377578A71} = {DABF6F42-F829-4B8F-B205-5F82E95DB345}
	EndGlobalSection
	GlobalSection(ProjectConfigurationPlatforms) = postSolution
		{9FF96C38-E7AA-4F06-B954-5C7E2479B10D}.Debug|Any CPU.ActiveCfg = Debug|Any CPU
		{9FF96C38-E7AA-4F06-B954-5C7E2479B10D}.Debug|Any CPU.Build.0 = Debug|Any CPU
		{9FF96C38-E7AA-4F06-B954-5C7E2479B10D}.Release|Any CPU.ActiveCfg = Release|Any CPU
		{9FF96C38-E7AA-4F06-B954-5C7E2479B10D}.Release|Any CPU.Build.0 = Release|Any CPU
		{8FC9227E-86C7-4650-9340-6799DC4D4946}.Debug|Any CPU.ActiveCfg = Debug|Any CPU
		{8FC9227E-86C7-4650-9340-6799DC4D4946}.Debug|Any CPU.Build.0 = Debug|Any CPU
		{8FC9227E-86C7-4650-9340-6799DC4D4946}.Release|Any CPU.ActiveCfg = Release|Any CPU
		{8FC9227E-86C7-4650-9340-6799DC4D4946}.Release|Any CPU.Build.0 = Release|Any CPU
		{3ECB7507-C235-4DFE-BFF9-FFD2C85CE549}.Debug|Any CPU.ActiveCfg = Debug|Any CPU
		{3ECB7507-C235-4DFE-BFF9-FFD2C85CE549}.Debug|Any CPU.Build.0 = Debug|Any CPU
		{3ECB7507-C235-4DFE-BFF9-FFD2C85CE549}.Release|Any CPU.ActiveCfg = Release|Any CPU
		{3ECB7507-C235-4DFE-BFF9-FFD2C85CE549}.Release|Any CPU.Build.0 = Release|Any CPU
		{50662FC9-254A-43E5-BD42-31A53301F70B}.Debug|Any CPU.ActiveCfg = Debug|Any CPU
		{50662FC9-254A-43E5-BD42-31A53301F70B}.Debug|Any CPU.Build.0 = Debug|Any CPU
		{50662FC9-254A-43E5-BD42-31A53301F70B}.Release|Any CPU.ActiveCfg = Release|Any CPU
		{50662FC9-254A-43E5-BD42-31A53301F70B}.Release|Any CPU.Build.0 = Release|Any CPU
		{F7C5F4D9-2FEC-4225-BE43-3CF916EFBEF5}.Debug|Any CPU.ActiveCfg = Debug|Any CPU
		{F7C5F4D9-2FEC-4225-BE43-3CF916EFBEF5}.Debug|Any CPU.Build.0 = Debug|Any CPU
		{F7C5F4D9-2FEC-4225-BE43-3CF916EFBEF5}.Release|Any CPU.ActiveCfg = Release|Any CPU
		{F7C5F4D9-2FEC-4225-BE43-3CF916EFBEF5}.Release|Any CPU.Build.0 = Release|Any CPU
		{B568884B-8BFB-4CAB-8FB9-B19377578A71}.Debug|Any CPU.ActiveCfg = Debug|Any CPU
		{B568884B-8BFB-4CAB-8FB9-B19377578A71}.Debug|Any CPU.Build.0 = Debug|Any CPU
		{B568884B-8BFB-4CAB-8FB9-B19377578A71}.Release|Any CPU.ActiveCfg = Release|Any CPU
		{B568884B-8BFB-4CAB-8FB9-B19377578A71}.Release|Any CPU.Build.0 = Release|Any CPU
	EndGlobalSection
EndGlobal
